
Microsoft Visual Studio Solution File, Format Version 12.00
# Visual Studio 15
VisualStudioVersion = 15.0.28307.1169
MinimumVisualStudioVersion = 10.0.40219.1
Project("{FAE04EC0-301F-11D3-BF4B-00C04F79EFBC}") = "Shinyoh", "Shinyoh\Shinyoh.csproj", "{697E1304-F141-4CCE-B816-9CC225F441C4}"
EndProject
Project("{FAE04EC0-301F-11D3-BF4B-00C04F79EFBC}") = "BL", "BL\BL.csproj", "{C2E966EB-8344-4491-BEFE-A809331521FE}"
EndProject
Project("{FAE04EC0-301F-11D3-BF4B-00C04F79EFBC}") = "MasterTouroku_Souko", "MasterTouroku_Souko\MasterTouroku_Souko.csproj", "{682E2872-CB95-4F2B-AF11-81713D0A1184}"
EndProject
Project("{FAE04EC0-301F-11D3-BF4B-00C04F79EFBC}") = "Shinyoh_Controls", "Shinyoh_Controls\Shinyoh_Controls.csproj", "{B15A285F-DDEC-443D-8BD0-762B893BB937}"
EndProject
Project("{FAE04EC0-301F-11D3-BF4B-00C04F79EFBC}") = "Entity", "Entity\Entity.csproj", "{0CC4487D-C081-4D4F-87D5-028552310763}"
EndProject
Project("{FAE04EC0-301F-11D3-BF4B-00C04F79EFBC}") = "MasterTouroku_Staff", "MasterTouroku_Staff\MasterTouroku_Staff.csproj", "{3B48B106-2F72-4876-8EFF-7BF1F2FAC61A}"
EndProject
Global
	GlobalSection(SolutionConfigurationPlatforms) = preSolution
		Debug|Any CPU = Debug|Any CPU
		Release|Any CPU = Release|Any CPU
	EndGlobalSection
	GlobalSection(ProjectConfigurationPlatforms) = postSolution
		{697E1304-F141-4CCE-B816-9CC225F441C4}.Debug|Any CPU.ActiveCfg = Debug|Any CPU
		{697E1304-F141-4CCE-B816-9CC225F441C4}.Debug|Any CPU.Build.0 = Debug|Any CPU
		{697E1304-F141-4CCE-B816-9CC225F441C4}.Release|Any CPU.ActiveCfg = Release|Any CPU
		{697E1304-F141-4CCE-B816-9CC225F441C4}.Release|Any CPU.Build.0 = Release|Any CPU
		{C2E966EB-8344-4491-BEFE-A809331521FE}.Debug|Any CPU.ActiveCfg = Debug|Any CPU
		{C2E966EB-8344-4491-BEFE-A809331521FE}.Debug|Any CPU.Build.0 = Debug|Any CPU
		{C2E966EB-8344-4491-BEFE-A809331521FE}.Release|Any CPU.ActiveCfg = Release|Any CPU
		{C2E966EB-8344-4491-BEFE-A809331521FE}.Release|Any CPU.Build.0 = Release|Any CPU
		{682E2872-CB95-4F2B-AF11-81713D0A1184}.Debug|Any CPU.ActiveCfg = Debug|Any CPU
		{682E2872-CB95-4F2B-AF11-81713D0A1184}.Debug|Any CPU.Build.0 = Debug|Any CPU
		{682E2872-CB95-4F2B-AF11-81713D0A1184}.Release|Any CPU.ActiveCfg = Release|Any CPU
		{682E2872-CB95-4F2B-AF11-81713D0A1184}.Release|Any CPU.Build.0 = Release|Any CPU
		{B15A285F-DDEC-443D-8BD0-762B893BB937}.Debug|Any CPU.ActiveCfg = Debug|Any CPU
		{B15A285F-DDEC-443D-8BD0-762B893BB937}.Debug|Any CPU.Build.0 = Debug|Any CPU
		{B15A285F-DDEC-443D-8BD0-762B893BB937}.Release|Any CPU.ActiveCfg = Release|Any CPU
		{B15A285F-DDEC-443D-8BD0-762B893BB937}.Release|Any CPU.Build.0 = Release|Any CPU
		{0CC4487D-C081-4D4F-87D5-028552310763}.Debug|Any CPU.ActiveCfg = Debug|Any CPU
		{0CC4487D-C081-4D4F-87D5-028552310763}.Debug|Any CPU.Build.0 = Debug|Any CPU
		{0CC4487D-C081-4D4F-87D5-028552310763}.Release|Any CPU.ActiveCfg = Release|Any CPU
		{0CC4487D-C081-4D4F-87D5-028552310763}.Release|Any CPU.Build.0 = Release|Any CPU
		{3B48B106-2F72-4876-8EFF-7BF1F2FAC61A}.Debug|Any CPU.ActiveCfg = Debug|Any CPU
		{3B48B106-2F72-4876-8EFF-7BF1F2FAC61A}.Debug|Any CPU.Build.0 = Debug|Any CPU
		{3B48B106-2F72-4876-8EFF-7BF1F2FAC61A}.Release|Any CPU.ActiveCfg = Release|Any CPU
		{3B48B106-2F72-4876-8EFF-7BF1F2FAC61A}.Release|Any CPU.Build.0 = Release|Any CPU
	EndGlobalSection
	GlobalSection(SolutionProperties) = preSolution
		HideSolutionNode = FALSE
	EndGlobalSection
	GlobalSection(ExtensibilityGlobals) = postSolution
		SolutionGuid = {2CB53DE7-F17F-4927-9607-2B1AA82D8FA9}
	EndGlobalSection
EndGlobal
